
Microsoft Visual Studio Solution File, Format Version 12.00
# Visual Studio 14
VisualStudioVersion = 14.0.25420.1
MinimumVisualStudioVersion = 10.0.40219.1
Project("{FAE04EC0-301F-11D3-BF4B-00C04F79EFBC}") = "ContactsWeb", "ContactsWeb\ContactsWeb.csproj", "{427C57AF-0130-4F60-AF82-1C6A96B3B3FE}"
EndProject
Global
	GlobalSection(SolutionConfigurationPlatforms) = preSolution
		Debug|Any CPU = Debug|Any CPU
		Release|Any CPU = Release|Any CPU
	EndGlobalSection
	GlobalSection(ProjectConfigurationPlatforms) = postSolution
		{427C57AF-0130-4F60-AF82-1C6A96B3B3FE}.Debug|Any CPU.ActiveCfg = Debug|Any CPU
		{427C57AF-0130-4F60-AF82-1C6A96B3B3FE}.Debug|Any CPU.Build.0 = Debug|Any CPU
		{427C57AF-0130-4F60-AF82-1C6A96B3B3FE}.Release|Any CPU.ActiveCfg = Release|Any CPU
		{427C57AF-0130-4F60-AF82-1C6A96B3B3FE}.Release|Any CPU.Build.0 = Release|Any CPU
	EndGlobalSection
	GlobalSection(SolutionProperties) = preSolution
		HideSolutionNode = FALSE
	EndGlobalSection
EndGlobal
